
Microsoft Visual Studio Solution File, Format Version 12.00
# Visual Studio Version 16
VisualStudioVersion = 16.0.29613.14
MinimumVisualStudioVersion = 10.0.40219.1
Project("{9A19103F-16F7-4668-BE54-9A1E7A4F7556}") = "HelloWorld", "HelloWorld\HelloWorld.csproj", "{7BBB07C8-E18B-47CD-AF2C-29379710E191}"
EndProject
Global
	GlobalSection(SolutionConfigurationPlatforms) = preSolution
		Debug|Any CPU = Debug|Any CPU
		Debug|x64 = Debug|x64
		Debug|x86 = Debug|x86
		Release|Any CPU = Release|Any CPU
		Release|x64 = Release|x64
		Release|x86 = Release|x86
	EndGlobalSection
	GlobalSection(ProjectConfigurationPlatforms) = postSolution
		{7BBB07C8-E18B-47CD-AF2C-29379710E191}.Debug|Any CPU.ActiveCfg = Debug|Any CPU
		{7BBB07C8-E18B-47CD-AF2C-29379710E191}.Debug|Any CPU.Build.0 = Debug|Any CPU
		{7BBB07C8-E18B-47CD-AF2C-29379710E191}.Debug|x64.ActiveCfg = Debug|Any CPU
		{7BBB07C8-E18B-47CD-AF2C-29379710E191}.Debug|x64.Build.0 = Debug|Any CPU
		{7BBB07C8-E18B-47CD-AF2C-29379710E191}.Debug|x86.ActiveCfg = Debug|x86
		{7BBB07C8-E18B-47CD-AF2C-29379710E191}.Debug|x86.Build.0 = Debug|x86
		{7BBB07C8-E18B-47CD-AF2C-29379710E191}.Release|Any CPU.ActiveCfg = Release|Any CPU
		{7BBB07C8-E18B-47CD-AF2C-29379710E191}.Release|Any CPU.Build.0 = Release|Any CPU
		{7BBB07C8-E18B-47CD-AF2C-29379710E191}.Release|x64.ActiveCfg = Release|x64
		{7BBB07C8-E18B-47CD-AF2C-29379710E191}.Release|x64.Build.0 = Release|x64
		{7BBB07C8-E18B-47CD-AF2C-29379710E191}.Release|x86.ActiveCfg = Debug|x86
		{7BBB07C8-E18B-47CD-AF2C-29379710E191}.Release|x86.Build.0 = Debug|x86
	EndGlobalSection
	GlobalSection(SolutionProperties) = preSolution
		HideSolutionNode = FALSE
	EndGlobalSection
	GlobalSection(ExtensibilityGlobals) = postSolution
		SolutionGuid = {36FB405B-74F5-4874-AD0F-583C4FAB9B42}
	EndGlobalSection
EndGlobal
