
Microsoft Visual Studio Solution File, Format Version 12.00
# Visual Studio Version 16
VisualStudioVersion = 16.0.29613.14
MinimumVisualStudioVersion = 10.0.40219.1
Project("{FAE04EC0-301F-11D3-BF4B-00C04F79EFBC}") = "ZktAttendence", "ZktAttendence.csproj", "{23CC493E-A1AA-4B46-9BF9-937E35F687F3}"
EndProject
Global
	GlobalSection(SolutionConfigurationPlatforms) = preSolution
		Debug|Any CPU = Debug|Any CPU
		Release|Any CPU = Release|Any CPU
	EndGlobalSection
	GlobalSection(ProjectConfigurationPlatforms) = postSolution
		{23CC493E-A1AA-4B46-9BF9-937E35F687F3}.Debug|Any CPU.ActiveCfg = Debug|Any CPU
		{23CC493E-A1AA-4B46-9BF9-937E35F687F3}.Debug|Any CPU.Build.0 = Debug|Any CPU
		{23CC493E-A1AA-4B46-9BF9-937E35F687F3}.Release|Any CPU.ActiveCfg = Release|Any CPU
		{23CC493E-A1AA-4B46-9BF9-937E35F687F3}.Release|Any CPU.Build.0 = Release|Any CPU
	EndGlobalSection
	GlobalSection(SolutionProperties) = preSolution
		HideSolutionNode = FALSE
	EndGlobalSection
	GlobalSection(ExtensibilityGlobals) = postSolution
		SolutionGuid = {B8459AF9-84C9-459E-959B-BBE469686966}
	EndGlobalSection
EndGlobal
