
Microsoft Visual Studio Solution File, Format Version 10.00
# Visual Studio 2008
Project("{FAE04EC0-301F-11D3-BF4B-00C04F79EFBC}") = "APP", "APP.csproj", "{40319AA1-ABF5-44B2-8F96-6D68156221F6}"
EndProject
Global
	GlobalSection(SolutionConfigurationPlatforms) = preSolution
		Debug|Any CPU = Debug|Any CPU
		Release|Any CPU = Release|Any CPU
	EndGlobalSection
	GlobalSection(ProjectConfigurationPlatforms) = postSolution
		{40319AA1-ABF5-44B2-8F96-6D68156221F6}.Debug|Any CPU.ActiveCfg = Debug|Any CPU
		{40319AA1-ABF5-44B2-8F96-6D68156221F6}.Debug|Any CPU.Build.0 = Debug|Any CPU
		{40319AA1-ABF5-44B2-8F96-6D68156221F6}.Release|Any CPU.ActiveCfg = Release|Any CPU
		{40319AA1-ABF5-44B2-8F96-6D68156221F6}.Release|Any CPU.Build.0 = Release|Any CPU
	EndGlobalSection
	GlobalSection(SolutionProperties) = preSolution
		HideSolutionNode = FALSE
	EndGlobalSection
EndGlobal
